
Microsoft Visual Studio Solution File, Format Version 12.00
# Visual Studio 15
VisualStudioVersion = 15.0.28307.329
MinimumVisualStudioVersion = 10.0.40219.1
Project("{FAE04EC0-301F-11D3-BF4B-00C04F79EFBC}") = "lab12", "lab12\lab12.csproj", "{F8AAA44E-58BA-428A-8D14-4A3B605562BF}"
EndProject
Global
	GlobalSection(SolutionConfigurationPlatforms) = preSolution
		Debug|Any CPU = Debug|Any CPU
		Release|Any CPU = Release|Any CPU
	EndGlobalSection
	GlobalSection(ProjectConfigurationPlatforms) = postSolution
		{F8AAA44E-58BA-428A-8D14-4A3B605562BF}.Debug|Any CPU.ActiveCfg = Debug|Any CPU
		{F8AAA44E-58BA-428A-8D14-4A3B605562BF}.Debug|Any CPU.Build.0 = Debug|Any CPU
		{F8AAA44E-58BA-428A-8D14-4A3B605562BF}.Release|Any CPU.ActiveCfg = Release|Any CPU
		{F8AAA44E-58BA-428A-8D14-4A3B605562BF}.Release|Any CPU.Build.0 = Release|Any CPU
	EndGlobalSection
	GlobalSection(SolutionProperties) = preSolution
		HideSolutionNode = FALSE
	EndGlobalSection
	GlobalSection(ExtensibilityGlobals) = postSolution
		SolutionGuid = {8237ABFA-CE1D-4809-BCA2-EECD2034251A}
	EndGlobalSection
EndGlobal
