
Microsoft Visual Studio Solution File, Format Version 12.00
# Visual Studio 15
VisualStudioVersion = 15.0.28307.329
MinimumVisualStudioVersion = 10.0.40219.1
Project("{FAE04EC0-301F-11D3-BF4B-00C04F79EFBC}") = "lab1_2", "lab1_2\lab1_2.csproj", "{BBD12E9A-5B43-4767-A3AA-35539D73F1A2}"
EndProject
Global
	GlobalSection(SolutionConfigurationPlatforms) = preSolution
		Debug|Any CPU = Debug|Any CPU
		Release|Any CPU = Release|Any CPU
	EndGlobalSection
	GlobalSection(ProjectConfigurationPlatforms) = postSolution
		{BBD12E9A-5B43-4767-A3AA-35539D73F1A2}.Debug|Any CPU.ActiveCfg = Debug|Any CPU
		{BBD12E9A-5B43-4767-A3AA-35539D73F1A2}.Debug|Any CPU.Build.0 = Debug|Any CPU
		{BBD12E9A-5B43-4767-A3AA-35539D73F1A2}.Release|Any CPU.ActiveCfg = Release|Any CPU
		{BBD12E9A-5B43-4767-A3AA-35539D73F1A2}.Release|Any CPU.Build.0 = Release|Any CPU
	EndGlobalSection
	GlobalSection(SolutionProperties) = preSolution
		HideSolutionNode = FALSE
	EndGlobalSection
	GlobalSection(ExtensibilityGlobals) = postSolution
		SolutionGuid = {56102644-6D24-46B5-99C3-C3A2B8EB08A7}
	EndGlobalSection
EndGlobal
